{
  "name": "asp.net",
  "version": "1.0.0",
  "lockfileVersion": 1,
  "requires": true,
  "dependencies": {
    "@types/tus-js-client": {
      "version": "1.8.0",
      "resolved": "https://registry.npmjs.org/@types/tus-js-client/-/tus-js-client-1.8.0.tgz",
      "integrity": "sha512-lWxu5+6qfyfwsW99GzUeJ9y9JeOSSLduKxgYMvaYM7sGTDKZsrIIHTUbHI2P016xhXtu9NxmUM3GrB4i14ie4A=="
    },
    "@uppy/aws-s3": {
      "version": "1.5.2",
      "resolved": "https://registry.npmjs.org/@uppy/aws-s3/-/aws-s3-1.5.2.tgz",
      "integrity": "sha512-150BJKxlamQSx7/l/0OmLVvNa9T+f+bS01n/lmWNbtSgssOnbBVfM1odvGAXj6hF7vznS0M30iqFoWef167mTA==",
      "requires": {
        "@uppy/companion-client": "^1.4.2",
        "@uppy/utils": "^2.2.2",
        "@uppy/xhr-upload": "^1.5.2",
        "qs-stringify": "^1.1.0",
        "url-parse": "^1.4.7"
      }
    },
    "@uppy/aws-s3-multipart": {
      "version": "1.5.2",
      "resolved": "https://registry.npmjs.org/@uppy/aws-s3-multipart/-/aws-s3-multipart-1.5.2.tgz",
      "integrity": "sha512-nkp4QXXifNGBNgd7HWghD/4fysMDVu6vt/1s4A5p+ktyXsiOXTeUcpsEt+Q2OZ+bX+lCIOZ8v+h6qH+veBxR1g==",
      "requires": {
        "@uppy/companion-client": "^1.4.2",
        "@uppy/utils": "^2.2.2"
      }
    },
    "@uppy/companion-client": {
      "version": "1.4.2",
      "resolved": "https://registry.npmjs.org/@uppy/companion-client/-/companion-client-1.4.2.tgz",
      "integrity": "sha512-UBYvz0RZ7oBFHItpBSSXEok+gQRMKN4jz1kaDQt8UQbN/SFtdOghpeSH3LqHcqRZvZ6zq3JnCIHiM6sm3RCg7Q==",
      "requires": {
        "namespace-emitter": "^2.0.1"
      }
    },
    "@uppy/core": {
      "version": "1.8.2",
      "resolved": "https://registry.npmjs.org/@uppy/core/-/core-1.8.2.tgz",
      "integrity": "sha512-0E5JdN8olQeh4NRnIcg7C1uZxqzUTkfwoBuJujaLb0Qt4/AEiNXG9ztxRXomHMANp23eWnmUs6CMNwpTjgCWCA==",
      "requires": {
        "@uppy/store-default": "^1.2.1",
        "@uppy/utils": "^2.2.2",
        "cuid": "^2.1.1",
        "lodash.throttle": "^4.1.1",
        "mime-match": "^1.0.2",
        "namespace-emitter": "^2.0.1",
        "preact": "8.2.9"
      }
    },
    "@uppy/dashboard": {
      "version": "1.6.2",
      "resolved": "https://registry.npmjs.org/@uppy/dashboard/-/dashboard-1.6.2.tgz",
      "integrity": "sha512-ywGHGcy6IXoCzUE2gCpCjDVqektmoEli6NlpY0q3oZjxk0aIlePTsinW4RwHHMjjl/RBOm0vpuSV0BLXXrBvOA==",
      "requires": {
        "@uppy/informer": "^1.4.2",
        "@uppy/provider-views": "^1.5.5",
        "@uppy/status-bar": "^1.5.2",
        "@uppy/thumbnail-generator": "^1.5.5",
        "@uppy/utils": "^2.2.2",
        "classnames": "^2.2.6",
        "cuid": "^2.1.1",
        "is-shallow-equal": "^1.0.1",
        "lodash.debounce": "^4.0.8",
        "lodash.throttle": "^4.1.1",
        "memoize-one": "^5.0.4",
        "preact": "8.2.9",
        "preact-css-transition-group": "^1.3.0",
        "resize-observer-polyfill": "^1.5.0"
      }
    },
    "@uppy/drag-drop": {
      "version": "1.4.5",
      "resolved": "https://registry.npmjs.org/@uppy/drag-drop/-/drag-drop-1.4.5.tgz",
      "integrity": "sha512-0Zxuv5jUH0ClNaNH4ln86zuvMyCQiI/sL/8P17A5Y4C81JLsOXlP3A/OKctZYRNMW21PcSu+yRKiMAzP1YL+MQ==",
      "requires": {
        "@uppy/utils": "^2.2.2",
        "preact": "8.2.9"
      }
    },
    "@uppy/dropbox": {
      "version": "1.3.8",
      "resolved": "https://registry.npmjs.org/@uppy/dropbox/-/dropbox-1.3.8.tgz",
      "integrity": "sha512-ICSmWP/K80GPnc0T0LuyaQGnwdypl8oQoH4mMzbChZuQXcgtR/kglX1T4cnmJUzFjzs3M/u7qy+o2+LXgvv/jQ==",
      "requires": {
        "@uppy/companion-client": "^1.4.2",
        "@uppy/provider-views": "^1.5.5",
        "@uppy/utils": "^2.2.2",
        "preact": "8.2.9"
      }
    },
    "@uppy/file-input": {
      "version": "1.4.5",
      "resolved": "https://registry.npmjs.org/@uppy/file-input/-/file-input-1.4.5.tgz",
      "integrity": "sha512-Cv0udN91uLo5g/Pueu0SDkYSLqOwvBNDMEFPICnpQKCwZ053vGes+VXkZRHReT6wMC5eRXBn815xGbW1fLi4mg==",
      "requires": {
        "@uppy/utils": "^2.2.2",
        "preact": "8.2.9"
      }
    },
    "@uppy/form": {
      "version": "1.3.8",
      "resolved": "https://registry.npmjs.org/@uppy/form/-/form-1.3.8.tgz",
      "integrity": "sha512-ws3uZ+bIyGMMJ/sDuRcOrSfc1VJs03pcp0zHJ/alaZXAE2Emfm8l+CrazgL0Ccr2UKOiplqlBPcuaa70T5eTmA==",
      "requires": {
        "@uppy/utils": "^2.2.2",
        "get-form-data": "^2.0.0"
      }
    },
    "@uppy/golden-retriever": {
      "version": "1.3.7",
      "resolved": "https://registry.npmjs.org/@uppy/golden-retriever/-/golden-retriever-1.3.7.tgz",
      "integrity": "sha512-p0VAcAlYcdNKSJlkmMCGyEYOWvpmSAPMVLVkDSzyAHGosVt/u2WjhrKt9CldFzfRu8n8bD0c4ynaPmFU46jJVQ==",
      "requires": {
        "@uppy/utils": "^2.2.2",
        "prettier-bytes": "^1.0.4"
      }
    },
    "@uppy/google-drive": {
      "version": "1.4.2",
      "resolved": "https://registry.npmjs.org/@uppy/google-drive/-/google-drive-1.4.2.tgz",
      "integrity": "sha512-AaCEttI/JYdhu0FRimJxN+Xrx0uNrXmYzSkl98w5b/u/PZiPnCcAmZd3L6aFaFwrXcGseyBFXstQXlSGe/nnIA==",
      "requires": {
        "@uppy/companion-client": "^1.4.2",
        "@uppy/provider-views": "^1.5.5",
        "@uppy/utils": "^2.2.2",
        "preact": "8.2.9"
      }
    },
    "@uppy/informer": {
      "version": "1.4.2",
      "resolved": "https://registry.npmjs.org/@uppy/informer/-/informer-1.4.2.tgz",
      "integrity": "sha512-4sAl5UoH7h38U+T4ZNWYZvEUFSgUVTYqfTpFcOmzMCEXZqpx+sBS6gx8iR4LX2X5sH+F91lvdBNYdQHB+3B22w==",
      "requires": {
        "@uppy/utils": "^2.2.2",
        "preact": "8.2.9"
      }
    },
    "@uppy/instagram": {
      "version": "1.3.8",
      "resolved": "https://registry.npmjs.org/@uppy/instagram/-/instagram-1.3.8.tgz",
      "integrity": "sha512-fT9MmbIE3SkSBgygPOR8vUOc5z0pMu5xdsSC/54fsO5AaYjtBHCF8vUazc7FrdwgRlH4FjDDBgSOfGqdE834NQ==",
      "requires": {
        "@uppy/companion-client": "^1.4.2",
        "@uppy/provider-views": "^1.5.5",
        "@uppy/utils": "^2.2.2",
        "preact": "8.2.9"
      }
    },
    "@uppy/onedrive": {
      "version": "1.0.2",
      "resolved": "https://registry.npmjs.org/@uppy/onedrive/-/onedrive-1.0.2.tgz",
      "integrity": "sha512-NWSPhnXMbnm2xkkKIRLt0v8+DXEQ4JDPL9dTMlxdQhlINlV5glkPdYtyFSEFY/lu6payBZJCGIJf3/8t4dIedQ==",
      "requires": {
        "@uppy/companion-client": "^1.4.2",
        "@uppy/provider-views": "^1.5.5",
        "@uppy/utils": "^2.2.2",
        "preact": "8.2.9"
      }
    },
    "@uppy/progress-bar": {
      "version": "1.3.7",
      "resolved": "https://registry.npmjs.org/@uppy/progress-bar/-/progress-bar-1.3.7.tgz",
      "integrity": "sha512-lgVq6/p2CaM+FIIv+vGMeZ6W56HNSC1BArVdtYKfaCgX2pRA6p4yPjH6K5YjyIGn/zGKBvEjLD3erfdX61HPmQ==",
      "requires": {
        "@uppy/utils": "^2.2.2",
        "preact": "8.2.9"
      }
    },
    "@uppy/provider-views": {
      "version": "1.5.5",
      "resolved": "https://registry.npmjs.org/@uppy/provider-views/-/provider-views-1.5.5.tgz",
      "integrity": "sha512-WKmIVrqm+0nelom30xybgQQv69RcvGN0ca7DFCoWcLUciJlNdt+bXO22RiKV3I8kJ1kaUN5/26hrTnAUiCUFxw==",
      "requires": {
        "@uppy/utils": "^2.2.2",
        "classnames": "^2.2.6",
        "preact": "8.2.9"
      }
    },
    "@uppy/redux-dev-tools": {
      "version": "1.3.2",
      "resolved": "https://registry.npmjs.org/@uppy/redux-dev-tools/-/redux-dev-tools-1.3.2.tgz",
      "integrity": "sha512-IcUKbR3xRyQkMp7owhU+8ZPp3HAS99YVCUkDAMjReV2cZtBEXP7sGsPUHy9MWGLCgWxiXc5yzQJfvZ1HfJzuRw=="
    },
    "@uppy/status-bar": {
      "version": "1.5.2",
      "resolved": "https://registry.npmjs.org/@uppy/status-bar/-/status-bar-1.5.2.tgz",
      "integrity": "sha512-ovkYRrMZ5f9FeZZfsIvvh5oF5kwgtPxPu70JVP3yANBN7+GIQgyqWHVHI/Yoy9Ozh0nNxKIs/zehgUkLhB1tdw==",
      "requires": {
        "@uppy/utils": "^2.2.2",
        "classnames": "^2.2.6",
        "lodash.throttle": "^4.1.1",
        "preact": "8.2.9"
      }
    },
    "@uppy/store-default": {
      "version": "1.2.1",
      "resolved": "https://registry.npmjs.org/@uppy/store-default/-/store-default-1.2.1.tgz",
      "integrity": "sha512-B7iKa9CMLTPgSu1lHQX+Z82NgxoBrzWfZg9WbZnvoJRHnoiwu8A3EFXPLq0OEslvJndBD4xPgUms0BPt4WbnWw=="
    },
    "@uppy/store-redux": {
      "version": "1.2.1",
      "resolved": "https://registry.npmjs.org/@uppy/store-redux/-/store-redux-1.2.1.tgz",
      "integrity": "sha512-zw8vjxLhF3GhASVyFhNpYhN8+y/qN2GRcrOWUHtW+LPnmX9KCKXY2T47t8wj6oJq2mf7AYWsDKESoGRAJ3iFXw==",
      "requires": {
        "cuid": "^2.1.1"
      }
    },
    "@uppy/thumbnail-generator": {
      "version": "1.5.5",
      "resolved": "https://registry.npmjs.org/@uppy/thumbnail-generator/-/thumbnail-generator-1.5.5.tgz",
      "integrity": "sha512-eCwQ5o7I15KnYpYjxI7kvmvBhJxavlxTTitY2Dz9dqLjGoJguwPYJb7fGHTPG9dgSfEV9qBeLXh4QWRjsZkkEQ==",
      "requires": {
        "@uppy/utils": "^2.2.2"
      }
    },
    "@uppy/transloadit": {
      "version": "1.5.2",
      "resolved": "https://registry.npmjs.org/@uppy/transloadit/-/transloadit-1.5.2.tgz",
      "integrity": "sha512-LhGPDIltDpl9cErkUar2uCPEcyR5fF0RJS4fMAADHqBTqlHtpAHEJRsSUEIloagMzT/wI/NI+2LHDBDavt1/aA==",
      "requires": {
        "@uppy/companion-client": "^1.4.2",
        "@uppy/provider-views": "^1.5.5",
        "@uppy/tus": "^1.5.5",
        "@uppy/utils": "^2.2.2",
        "component-emitter": "^1.2.1",
        "socket.io-client": "~2.2.0"
      }
    },
    "@uppy/tus": {
      "version": "1.5.5",
      "resolved": "https://registry.npmjs.org/@uppy/tus/-/tus-1.5.5.tgz",
      "integrity": "sha512-+XIwnb5Uo7EPLOjX5jIaFKzEsR4iuPgmNjkC+v6pPV+M63vw4Qhnenx+G1LtuYQW74zwtYyRAh99xanwTMq+bw==",
      "requires": {
        "@types/tus-js-client": "^1.8.0",
        "@uppy/companion-client": "^1.4.2",
        "@uppy/utils": "^2.2.2",
        "tus-js-client": "^1.8.0"
      }
    },
    "@uppy/url": {
      "version": "1.4.5",
      "resolved": "https://registry.npmjs.org/@uppy/url/-/url-1.4.5.tgz",
      "integrity": "sha512-xII2NhLrChqEwOZ5HSgnDIQKXYOha+gUsDCbj3Z8XxHIEZMI6g9YrGJ0f1lFt+ZQACg1mo6Rru3dgo38SLNktA==",
      "requires": {
        "@uppy/companion-client": "^1.4.2",
        "@uppy/utils": "^2.2.2",
        "preact": "8.2.9"
      }
    },
    "@uppy/utils": {
      "version": "2.2.2",
      "resolved": "https://registry.npmjs.org/@uppy/utils/-/utils-2.2.2.tgz",
      "integrity": "sha512-uTQBIKgvJaJ+2g7vs5vYanXkW4GqVZOFKgdlPtWEbfS7LQBaNpiTMlHdEmA4cCPKH8vj4Za9oO+LSkpOXar4Jw==",
      "requires": {
        "lodash.throttle": "^4.1.1"
      }
    },
    "@uppy/webcam": {
      "version": "1.5.4",
      "resolved": "https://registry.npmjs.org/@uppy/webcam/-/webcam-1.5.4.tgz",
      "integrity": "sha512-C2d/VokEhr3rgcv17sJdJYgCiNOMIIpmTMW+uWSUsKwHQlwBokwaWHUmPvh/lgGX9gWJJ2jJfkY/OHjUv3ebng==",
      "requires": {
        "@uppy/utils": "^2.2.2",
        "preact": "8.2.9"
      }
    },
    "@uppy/xhr-upload": {
      "version": "1.5.2",
      "resolved": "https://registry.npmjs.org/@uppy/xhr-upload/-/xhr-upload-1.5.2.tgz",
      "integrity": "sha512-2K3V2y5zdCnUvs1e2YBRlApxGFE3x3eSLN4yAM5xJu8ZjSQy4bgq50JdiaNTPBKSrZccD764Q1qEisqSCa6y6A==",
      "requires": {
        "@uppy/companion-client": "^1.4.2",
        "@uppy/utils": "^2.2.2",
        "cuid": "^2.1.1"
      }
    },
    "after": {
      "version": "0.8.2",
      "resolved": "https://registry.npmjs.org/after/-/after-0.8.2.tgz",
      "integrity": "sha1-/ts5T58OAqqXaOcCvaI7UF+ufh8="
    },
    "arraybuffer.slice": {
      "version": "0.0.7",
      "resolved": "https://registry.npmjs.org/arraybuffer.slice/-/arraybuffer.slice-0.0.7.tgz",
      "integrity": "sha512-wGUIVQXuehL5TCqQun8OW81jGzAWycqzFF8lFp+GOM5BXLYj3bKNsYC4daB7n6XjCqxQA/qgTJ+8ANR3acjrog=="
    },
    "async-limiter": {
      "version": "1.0.1",
      "resolved": "https://registry.npmjs.org/async-limiter/-/async-limiter-1.0.1.tgz",
      "integrity": "sha512-csOlWGAcRFJaI6m+F2WKdnMKr4HhdhFVBk0H/QbJFMCr+uO2kwohwXQPxw/9OCxp05r5ghVBFSyioixx3gfkNQ=="
    },
    "backo2": {
      "version": "1.0.2",
      "resolved": "https://registry.npmjs.org/backo2/-/backo2-1.0.2.tgz",
      "integrity": "sha1-MasayLEpNjRj41s+u2n038+6eUc="
    },
    "base64-arraybuffer": {
      "version": "0.1.5",
      "resolved": "https://registry.npmjs.org/base64-arraybuffer/-/base64-arraybuffer-0.1.5.tgz",
      "integrity": "sha1-c5JncZI7Whl0etZmqlzUv5xunOg="
    },
    "better-assert": {
      "version": "1.0.2",
      "resolved": "https://registry.npmjs.org/better-assert/-/better-assert-1.0.2.tgz",
      "integrity": "sha1-QIZrnhueC1W0gYlDEeaPr/rrxSI=",
      "requires": {
        "callsite": "1.0.0"
      }
    },
    "blob": {
      "version": "0.0.5",
      "resolved": "https://registry.npmjs.org/blob/-/blob-0.0.5.tgz",
      "integrity": "sha512-gaqbzQPqOoamawKg0LGVd7SzLgXS+JH61oWprSLH+P+abTczqJbhTR8CmJ2u9/bUYNmHTGJx/UEmn6doAvvuig=="
    },
    "bootstrap": {
      "version": "4.4.1",
      "resolved": "https://registry.npmjs.org/bootstrap/-/bootstrap-4.4.1.tgz",
      "integrity": "sha512-tbx5cHubwE6e2ZG7nqM3g/FZ5PQEDMWmMGNrCUBVRPHXTJaH7CBDdsLeu3eCh3B1tzAxTnAbtmrzvWEvT2NNEA=="
    },
    "buffer-from": {
      "version": "0.1.2",
      "resolved": "https://registry.npmjs.org/buffer-from/-/buffer-from-0.1.2.tgz",
      "integrity": "sha512-RiWIenusJsmI2KcvqQABB83tLxCByE3upSP8QU3rJDMVFGPWLvPQJt/O1Su9moRWeH7d+Q2HYb68f6+v+tw2vg=="
    },
    "callsite": {
      "version": "1.0.0",
      "resolved": "https://registry.npmjs.org/callsite/-/callsite-1.0.0.tgz",
      "integrity": "sha1-KAOY5dZkvXQDi28JBRU+borxvCA="
    },
    "classnames": {
      "version": "2.2.6",
      "resolved": "https://registry.npmjs.org/classnames/-/classnames-2.2.6.tgz",
      "integrity": "sha512-JR/iSQOSt+LQIWwrwEzJ9uk0xfN3mTVYMwt1Ir5mUcSN6pU+V4zQFFaJsclJbPuAUQH+yfWef6tm7l1quW3C8Q=="
    },
    "combine-errors": {
      "version": "3.0.3",
      "resolved": "https://registry.npmjs.org/combine-errors/-/combine-errors-3.0.3.tgz",
      "integrity": "sha1-9N9nQAg+VwOjGBEQwrEFUfAD2oY=",
      "requires": {
        "custom-error-instance": "2.1.1",
        "lodash.uniqby": "4.5.0"
      }
    },
    "component-bind": {
      "version": "1.0.0",
      "resolved": "https://registry.npmjs.org/component-bind/-/component-bind-1.0.0.tgz",
      "integrity": "sha1-AMYIq33Nk4l8AAllGx06jh5zu9E="
    },
    "component-emitter": {
      "version": "1.3.0",
      "resolved": "https://registry.npmjs.org/component-emitter/-/component-emitter-1.3.0.tgz",
      "integrity": "sha512-Rd3se6QB+sO1TwqZjscQrurpEPIfO0/yYnSin6Q/rD3mOutHvUrCAhJub3r90uNb+SESBuE0QYoB90YdfatsRg=="
    },
    "component-inherit": {
      "version": "0.0.3",
      "resolved": "https://registry.npmjs.org/component-inherit/-/component-inherit-0.0.3.tgz",
      "integrity": "sha1-ZF/ErfWLcrZJ1crmUTVhnbJv8UM="
    },
    "cuid": {
      "version": "2.1.8",
      "resolved": "https://registry.npmjs.org/cuid/-/cuid-2.1.8.tgz",
      "integrity": "sha512-xiEMER6E7TlTPnDxrM4eRiC6TRgjNX9xzEZ5U/Se2YJKr7Mq4pJn/2XEHjl3STcSh96GmkHPcBXLES8M29wyyg=="
    },
    "custom-error-instance": {
      "version": "2.1.1",
      "resolved": "https://registry.npmjs.org/custom-error-instance/-/custom-error-instance-2.1.1.tgz",
      "integrity": "sha1-PPY5FIemYppiR+sMoM4ACBt+Nho="
    },
    "debug": {
      "version": "3.1.0",
      "resolved": "https://registry.npmjs.org/debug/-/debug-3.1.0.tgz",
      "integrity": "sha512-OX8XqP7/1a9cqkxYw2yXss15f26NKWBpDXQd0/uK/KPqdQhxbPa994hnzjcE2VqQpDslf55723cKPUOGSmMY3g==",
      "requires": {
        "ms": "2.0.0"
      }
    },
    "engine.io-client": {
      "version": "3.3.2",
      "resolved": "https://registry.npmjs.org/engine.io-client/-/engine.io-client-3.3.2.tgz",
      "integrity": "sha512-y0CPINnhMvPuwtqXfsGuWE8BB66+B6wTtCofQDRecMQPYX3MYUZXFNKDhdrSe3EVjgOu4V3rxdeqN/Tr91IgbQ==",
      "requires": {
        "component-emitter": "1.2.1",
        "component-inherit": "0.0.3",
        "debug": "~3.1.0",
        "engine.io-parser": "~2.1.1",
        "has-cors": "1.1.0",
        "indexof": "0.0.1",
        "parseqs": "0.0.5",
        "parseuri": "0.0.5",
        "ws": "~6.1.0",
        "xmlhttprequest-ssl": "~1.5.4",
        "yeast": "0.1.2"
      },
      "dependencies": {
        "component-emitter": {
          "version": "1.2.1",
          "resolved": "https://registry.npmjs.org/component-emitter/-/component-emitter-1.2.1.tgz",
          "integrity": "sha1-E3kY1teCg/ffemt8WmPhQOaUJeY="
        }
      }
    },
    "engine.io-parser": {
      "version": "2.1.3",
      "resolved": "https://registry.npmjs.org/engine.io-parser/-/engine.io-parser-2.1.3.tgz",
      "integrity": "sha512-6HXPre2O4Houl7c4g7Ic/XzPnHBvaEmN90vtRO9uLmwtRqQmTOw0QMevL1TOfL2Cpu1VzsaTmMotQgMdkzGkVA==",
      "requires": {
        "after": "0.8.2",
        "arraybuffer.slice": "~0.0.7",
        "base64-arraybuffer": "0.1.5",
        "blob": "0.0.5",
        "has-binary2": "~1.0.2"
      }
    },
    "extend": {
      "version": "3.0.2",
      "resolved": "https://registry.npmjs.org/extend/-/extend-3.0.2.tgz",
      "integrity": "sha512-fjquC59cD7CyW6urNXK0FBufkZcoiGG80wTuPujX590cB5Ttln20E2UB4S/WARVqhXffZl2LNgS+gQdPIIim/g=="
    },
    "get-form-data": {
      "version": "2.0.0",
      "resolved": "https://registry.npmjs.org/get-form-data/-/get-form-data-2.0.0.tgz",
      "integrity": "sha512-YUpw0aTWeGliifqMYrTohe/YdqVmKLmaNwuscd2WlRNGfba57JHGuuvvv2c6LiZdFys285POVWANTh6SqcwFag=="
    },
    "graceful-fs": {
      "version": "4.2.3",
      "resolved": "https://registry.npmjs.org/graceful-fs/-/graceful-fs-4.2.3.tgz",
      "integrity": "sha512-a30VEBm4PEdx1dRB7MFK7BejejvCvBronbLjht+sHuGYj8PHs7M/5Z+rt5lw551vZ7yfTCj4Vuyy3mSJytDWRQ=="
    },
    "has-binary2": {
      "version": "1.0.3",
      "resolved": "https://registry.npmjs.org/has-binary2/-/has-binary2-1.0.3.tgz",
      "integrity": "sha512-G1LWKhDSvhGeAQ8mPVQlqNcOB2sJdwATtZKl2pDKKHfpf/rYj24lkinxf69blJbnsvtqqNU+L3SL50vzZhXOnw==",
      "requires": {
        "isarray": "2.0.1"
      }
    },
    "has-cors": {
      "version": "1.1.0",
      "resolved": "https://registry.npmjs.org/has-cors/-/has-cors-1.1.0.tgz",
      "integrity": "sha1-XkdHk/fqmEPRu5nCPu9J/xJv/zk="
    },
    "indexof": {
      "version": "0.0.1",
      "resolved": "https://registry.npmjs.org/indexof/-/indexof-0.0.1.tgz",
      "integrity": "sha1-gtwzbSMrkGIXnQWrMpOmYFn9Q10="
    },
    "is-shallow-equal": {
      "version": "1.0.1",
      "resolved": "https://registry.npmjs.org/is-shallow-equal/-/is-shallow-equal-1.0.1.tgz",
      "integrity": "sha512-lq5RvK+85Hs5J3p4oA4256M1FEffzmI533ikeDHvJd42nouRRx5wBzt36JuviiGe5dIPyHON/d0/Up+PBo6XkQ=="
    },
    "isarray": {
      "version": "2.0.1",
      "resolved": "https://registry.npmjs.org/isarray/-/isarray-2.0.1.tgz",
      "integrity": "sha1-o32U7ZzaLVmGXJ92/llu4fM4dB4="
    },
    "jquery": {
      "version": "3.4.1",
      "resolved": "https://registry.npmjs.org/jquery/-/jquery-3.4.1.tgz",
      "integrity": "sha512-36+AdBzCL+y6qjw5Tx7HgzeGCzC81MDDgaUP8ld2zhx58HdqXGoBd+tHdrBMiyjGQs0Hxs/MLZTu/eHNJJuWPw=="
    },
    "js-base64": {
      "version": "2.5.2",
      "resolved": "https://registry.npmjs.org/js-base64/-/js-base64-2.5.2.tgz",
      "integrity": "sha512-Vg8czh0Q7sFBSUMWWArX/miJeBWYBPpdU/3M/DKSaekLMqrqVPaedp+5mZhie/r0lgrcaYBfwXatEew6gwgiQQ=="
    },
    "lodash._baseiteratee": {
      "version": "4.7.0",
      "resolved": "https://registry.npmjs.org/lodash._baseiteratee/-/lodash._baseiteratee-4.7.0.tgz",
      "integrity": "sha1-NKm1VDVycnw9sueO2uPA6eZr0QI=",
      "requires": {
        "lodash._stringtopath": "~4.8.0"
      }
    },
    "lodash._basetostring": {
      "version": "4.12.0",
      "resolved": "https://registry.npmjs.org/lodash._basetostring/-/lodash._basetostring-4.12.0.tgz",
      "integrity": "sha1-kyfJ3FFYhmt/pLnUL0Y45XZt2d8="
    },
    "lodash._baseuniq": {
      "version": "4.6.0",
      "resolved": "https://registry.npmjs.org/lodash._baseuniq/-/lodash._baseuniq-4.6.0.tgz",
      "integrity": "sha1-DrtE5FaBSveQXGIS+iybLVG4Qeg=",
      "requires": {
        "lodash._createset": "~4.0.0",
        "lodash._root": "~3.0.0"
      }
    },
    "lodash._createset": {
      "version": "4.0.3",
      "resolved": "https://registry.npmjs.org/lodash._createset/-/lodash._createset-4.0.3.tgz",
      "integrity": "sha1-D0ZZ+7CddRlPqeK4imZE02PJ/iY="
    },
    "lodash._root": {
      "version": "3.0.1",
      "resolved": "https://registry.npmjs.org/lodash._root/-/lodash._root-3.0.1.tgz",
      "integrity": "sha1-+6HEUkwZ7ppfgTa0YJ8BfPTe1pI="
    },
    "lodash._stringtopath": {
      "version": "4.8.0",
      "resolved": "https://registry.npmjs.org/lodash._stringtopath/-/lodash._stringtopath-4.8.0.tgz",
      "integrity": "sha1-lBvPDmQmbl/B1m/tCmlZVExXaCQ=",
      "requires": {
        "lodash._basetostring": "~4.12.0"
      }
    },
    "lodash.debounce": {
      "version": "4.0.8",
      "resolved": "https://registry.npmjs.org/lodash.debounce/-/lodash.debounce-4.0.8.tgz",
      "integrity": "sha1-gteb/zCmfEAF/9XiUVMArZyk168="
    },
    "lodash.throttle": {
      "version": "4.1.1",
      "resolved": "https://registry.npmjs.org/lodash.throttle/-/lodash.throttle-4.1.1.tgz",
      "integrity": "sha1-wj6RtxAkKscMN/HhzaknTMOb8vQ="
    },
    "lodash.uniqby": {
      "version": "4.5.0",
      "resolved": "https://registry.npmjs.org/lodash.uniqby/-/lodash.uniqby-4.5.0.tgz",
      "integrity": "sha1-o6F7v2LutiQPSRhG6XwcTipeHiE=",
      "requires": {
        "lodash._baseiteratee": "~4.7.0",
        "lodash._baseuniq": "~4.6.0"
      }
    },
    "memoize-one": {
      "version": "5.1.1",
      "resolved": "https://registry.npmjs.org/memoize-one/-/memoize-one-5.1.1.tgz",
      "integrity": "sha512-HKeeBpWvqiVJD57ZUAsJNm71eHTykffzcLZVYWiVfQeI1rJtuEaS7hQiEpWfVVk18donPwJEcFKIkCmPJNOhHA=="
    },
    "mime-match": {
      "version": "1.0.2",
      "resolved": "https://registry.npmjs.org/mime-match/-/mime-match-1.0.2.tgz",
      "integrity": "sha1-P4fDHprxpf1IX7nbE0Qosju7e6g=",
      "requires": {
        "wildcard": "^1.1.0"
      }
    },
    "ms": {
      "version": "2.0.0",
      "resolved": "https://registry.npmjs.org/ms/-/ms-2.0.0.tgz",
      "integrity": "sha1-VgiurfwAvmwpAd9fmGF4jeDVl8g="
    },
    "namespace-emitter": {
      "version": "2.0.1",
      "resolved": "https://registry.npmjs.org/namespace-emitter/-/namespace-emitter-2.0.1.tgz",
      "integrity": "sha512-N/sMKHniSDJBjfrkbS/tpkPj4RAbvW3mr8UAzvlMHyun93XEm83IAvhWtJVHo+RHn/oO8Job5YN4b+wRjSVp5g=="
    },
    "object-component": {
      "version": "0.0.3",
      "resolved": "https://registry.npmjs.org/object-component/-/object-component-0.0.3.tgz",
      "integrity": "sha1-8MaapQ78lbhmwYb0AKM3acsvEpE="
    },
    "parseqs": {
      "version": "0.0.5",
      "resolved": "https://registry.npmjs.org/parseqs/-/parseqs-0.0.5.tgz",
      "integrity": "sha1-1SCKNzjkZ2bikbouoXNoSSGouJ0=",
      "requires": {
        "better-assert": "~1.0.0"
      }
    },
    "parseuri": {
      "version": "0.0.5",
      "resolved": "https://registry.npmjs.org/parseuri/-/parseuri-0.0.5.tgz",
      "integrity": "sha1-gCBKUNTbt3m/3G6+J3jZDkvOMgo=",
      "requires": {
        "better-assert": "~1.0.0"
      }
    },
    "preact": {
      "version": "8.2.9",
      "resolved": "https://registry.npmjs.org/preact/-/preact-8.2.9.tgz",
      "integrity": "sha512-ThuGXBmJS3VsT+jIP+eQufD3L8pRw/PY3FoCys6O9Pu6aF12Pn9zAJDX99TfwRAFOCEKm/P0lwiPTbqKMJp0fA=="
    },
    "preact-css-transition-group": {
      "version": "1.3.0",
      "resolved": "https://registry.npmjs.org/preact-css-transition-group/-/preact-css-transition-group-1.3.0.tgz",
      "integrity": "sha1-Bv5Giyb3gC6VuCmnYtsLwZmu85k="
    },
    "prettier-bytes": {
      "version": "1.0.4",
      "resolved": "https://registry.npmjs.org/prettier-bytes/-/prettier-bytes-1.0.4.tgz",
      "integrity": "sha1-mUsCqkb2mcULYle1+qp/4lV+YtY="
    },
    "proper-lockfile": {
      "version": "2.0.1",
      "resolved": "https://registry.npmjs.org/proper-lockfile/-/proper-lockfile-2.0.1.tgz",
      "integrity": "sha1-FZ+wYZPTIAP0s2kd0uwaY0qoDR0=",
      "requires": {
        "graceful-fs": "^4.1.2",
        "retry": "^0.10.0"
      }
    },
    "qs-stringify": {
      "version": "1.2.0",
      "resolved": "https://registry.npmjs.org/qs-stringify/-/qs-stringify-1.2.0.tgz",
      "integrity": "sha512-IXLNBP7T8dEGnw8me1S5iuWkKv5CnkWV1vaMtuLEPt8RZTWju/FlaV1vzPQS+wXkJpbrek0YfASfPQxJSsyqUw=="
    },
    "querystringify": {
      "version": "2.1.1",
      "resolved": "https://registry.npmjs.org/querystringify/-/querystringify-2.1.1.tgz",
      "integrity": "sha512-w7fLxIRCRT7U8Qu53jQnJyPkYZIaR4n5151KMfcJlO/A9397Wxb1amJvROTK6TOnp7PfoAmg/qXiNHI+08jRfA=="
    },
    "requires-port": {
      "version": "1.0.0",
      "resolved": "https://registry.npmjs.org/requires-port/-/requires-port-1.0.0.tgz",
      "integrity": "sha1-kl0mAdOaxIXgkc8NpcbmlNw9yv8="
    },
    "resize-observer-polyfill": {
      "version": "1.5.1",
      "resolved": "https://registry.npmjs.org/resize-observer-polyfill/-/resize-observer-polyfill-1.5.1.tgz",
      "integrity": "sha512-LwZrotdHOo12nQuZlHEmtuXdqGoOD0OhaxopaNFxWzInpEgaLWoVuAMbTzixuosCx2nEG58ngzW3vxdWoxIgdg=="
    },
    "retry": {
      "version": "0.10.1",
      "resolved": "https://registry.npmjs.org/retry/-/retry-0.10.1.tgz",
      "integrity": "sha1-52OI0heZLCUnUCQdPTlW/tmNj/Q="
    },
    "socket.io-client": {
      "version": "2.2.0",
      "resolved": "https://registry.npmjs.org/socket.io-client/-/socket.io-client-2.2.0.tgz",
      "integrity": "sha512-56ZrkTDbdTLmBIyfFYesgOxsjcLnwAKoN4CiPyTVkMQj3zTUh0QAx3GbvIvLpFEOvQWu92yyWICxB0u7wkVbYA==",
      "requires": {
        "backo2": "1.0.2",
        "base64-arraybuffer": "0.1.5",
        "component-bind": "1.0.0",
        "component-emitter": "1.2.1",
        "debug": "~3.1.0",
        "engine.io-client": "~3.3.1",
        "has-binary2": "~1.0.2",
        "has-cors": "1.1.0",
        "indexof": "0.0.1",
        "object-component": "0.0.3",
        "parseqs": "0.0.5",
        "parseuri": "0.0.5",
        "socket.io-parser": "~3.3.0",
        "to-array": "0.1.4"
      },
      "dependencies": {
        "component-emitter": {
          "version": "1.2.1",
          "resolved": "https://registry.npmjs.org/component-emitter/-/component-emitter-1.2.1.tgz",
          "integrity": "sha1-E3kY1teCg/ffemt8WmPhQOaUJeY="
        }
      }
    },
    "socket.io-parser": {
      "version": "3.3.0",
      "resolved": "https://registry.npmjs.org/socket.io-parser/-/socket.io-parser-3.3.0.tgz",
      "integrity": "sha512-hczmV6bDgdaEbVqhAeVMM/jfUfzuEZHsQg6eOmLgJht6G3mPKMxYm75w2+qhAQZ+4X+1+ATZ+QFKeOZD5riHng==",
      "requires": {
        "component-emitter": "1.2.1",
        "debug": "~3.1.0",
        "isarray": "2.0.1"
      },
      "dependencies": {
        "component-emitter": {
          "version": "1.2.1",
          "resolved": "https://registry.npmjs.org/component-emitter/-/component-emitter-1.2.1.tgz",
          "integrity": "sha1-E3kY1teCg/ffemt8WmPhQOaUJeY="
        }
      }
    },
    "to-array": {
      "version": "0.1.4",
      "resolved": "https://registry.npmjs.org/to-array/-/to-array-0.1.4.tgz",
      "integrity": "sha1-F+bBH3PdTz10zaek/zI46a2b+JA="
    },
    "tus-js-client": {
      "version": "1.8.0",
      "resolved": "https://registry.npmjs.org/tus-js-client/-/tus-js-client-1.8.0.tgz",
      "integrity": "sha512-qPX3TywqzxocTxUZtcS8X7Aik72SVMa0jKi4hWyfvRV+s9raVzzYGaP4MoJGaF0yOgm2+b6jXaVEHogxcJ8LGw==",
      "requires": {
        "buffer-from": "^0.1.1",
        "combine-errors": "^3.0.3",
        "extend": "^3.0.2",
        "js-base64": "^2.4.9",
        "lodash.throttle": "^4.1.1",
        "proper-lockfile": "^2.0.1",
        "url-parse": "^1.4.3"
      }
    },
    "uppy": {
      "version": "1.9.2",
      "resolved": "https://registry.npmjs.org/uppy/-/uppy-1.9.2.tgz",
      "integrity": "sha512-0Fn1KCs6AZeB1NIkux9J0LWFX/APk4Fsjkx9P1Z7vKw9ZqBPVvSsJkIx5b1mMe05JiAthDAwdKRw6ak6iUa7pg==",
      "requires": {
        "@uppy/aws-s3": "^1.5.2",
        "@uppy/aws-s3-multipart": "^1.5.2",
        "@uppy/companion-client": "^1.4.2",
        "@uppy/core": "^1.8.2",
        "@uppy/dashboard": "^1.6.2",
        "@uppy/drag-drop": "^1.4.5",
        "@uppy/dropbox": "^1.3.8",
        "@uppy/file-input": "^1.4.5",
        "@uppy/form": "^1.3.8",
        "@uppy/golden-retriever": "^1.3.7",
        "@uppy/google-drive": "^1.4.2",
        "@uppy/informer": "^1.4.2",
        "@uppy/instagram": "^1.3.8",
        "@uppy/onedrive": "^1.0.2",
        "@uppy/progress-bar": "^1.3.7",
        "@uppy/provider-views": "^1.5.5",
        "@uppy/redux-dev-tools": "^1.3.2",
        "@uppy/status-bar": "^1.5.2",
        "@uppy/store-default": "^1.2.1",
        "@uppy/store-redux": "^1.2.1",
        "@uppy/thumbnail-generator": "^1.5.5",
        "@uppy/transloadit": "^1.5.2",
        "@uppy/tus": "^1.5.5",
        "@uppy/url": "^1.4.5",
        "@uppy/webcam": "^1.5.4",
        "@uppy/xhr-upload": "^1.5.2"
      }
    },
    "url-parse": {
      "version": "1.4.7",
      "resolved": "https://registry.npmjs.org/url-parse/-/url-parse-1.4.7.tgz",
      "integrity": "sha512-d3uaVyzDB9tQoSXFvuSUNFibTd9zxd2bkVrDRvF5TmvWWQwqE4lgYJ5m+x1DbecWkw+LK4RNl2CU1hHuOKPVlg==",
      "requires": {
        "querystringify": "^2.1.1",
        "requires-port": "^1.0.0"
      }
    },
    "wildcard": {
      "version": "1.1.2",
      "resolved": "https://registry.npmjs.org/wildcard/-/wildcard-1.1.2.tgz",
      "integrity": "sha1-pwIEUwhNjNLv5wup02liY94XEKU="
    },
    "ws": {
      "version": "6.1.4",
      "resolved": "https://registry.npmjs.org/ws/-/ws-6.1.4.tgz",
      "integrity": "sha512-eqZfL+NE/YQc1/ZynhojeV8q+H050oR8AZ2uIev7RU10svA9ZnJUddHcOUZTJLinZ9yEfdA2kSATS2qZK5fhJA==",
      "requires": {
        "async-limiter": "~1.0.0"
      }
    },
    "xmlhttprequest-ssl": {
      "version": "1.5.5",
      "resolved": "https://registry.npmjs.org/xmlhttprequest-ssl/-/xmlhttprequest-ssl-1.5.5.tgz",
      "integrity": "sha1-wodrBhaKrcQOV9l+gRkayPQ5iz4="
    },
    "yeast": {
      "version": "0.1.2",
      "resolved": "https://registry.npmjs.org/yeast/-/yeast-0.1.2.tgz",
      "integrity": "sha1-AI4G2AlDIMNy28L47XagymyKxBk="
    }
  }
}
